
Microsoft Visual Studio Solution File, Format Version 12.00
# Visual Studio Version 16
VisualStudioVersion = 16.0.30621.155
MinimumVisualStudioVersion = 10.0.40219.1
Project("{FAE04EC0-301F-11D3-BF4B-00C04F79EFBC}") = "Pe1KoenDeJans", "Pe1KoenDeJans\Pe1KoenDeJans.csproj", "{B0A721D6-9CDB-4A60-91F4-31B656ED6315}"
EndProject
Global
	GlobalSection(SolutionConfigurationPlatforms) = preSolution
		Debug|Any CPU = Debug|Any CPU
		Release|Any CPU = Release|Any CPU
	EndGlobalSection
	GlobalSection(ProjectConfigurationPlatforms) = postSolution
		{B0A721D6-9CDB-4A60-91F4-31B656ED6315}.Debug|Any CPU.ActiveCfg = Debug|Any CPU
		{B0A721D6-9CDB-4A60-91F4-31B656ED6315}.Debug|Any CPU.Build.0 = Debug|Any CPU
		{B0A721D6-9CDB-4A60-91F4-31B656ED6315}.Release|Any CPU.ActiveCfg = Release|Any CPU
		{B0A721D6-9CDB-4A60-91F4-31B656ED6315}.Release|Any CPU.Build.0 = Release|Any CPU
	EndGlobalSection
	GlobalSection(SolutionProperties) = preSolution
		HideSolutionNode = FALSE
	EndGlobalSection
	GlobalSection(ExtensibilityGlobals) = postSolution
		SolutionGuid = {DDE94007-8902-4C27-95D4-C1AF60B894F9}
	EndGlobalSection
EndGlobal
